// !$*UTF8*$!
{
	archiveVersion = 1;
	classes = {
	};
	objectVersion = 50;
	objects = {

/* Begin PBXBuildFile section */
		E85750F720BAD48F00BA76E0 /* RCOneStudent.m in Sources */ = {isa = PBXBuildFile; fileRef = E85750F620BAD48F00BA76E0 /* RCOneStudent.m */; };
		E85750FA20BAD4A000BA76E0 /* RCTwoStudent.m in Sources */ = {isa = PBXBuildFile; fileRef = E85750F920BAD4A000BA76E0 /* RCTwoStudent.m */; };
		E8A4173220BAC3F200AF30F8 /* RCStudent.m in Sources */ = {isa = PBXBuildFile; fileRef = E8A4173120BAC3F200AF30F8 /* RCStudent.m */; };
		E8C7220920B7F2950082DCDE /* AppDelegate.m in Sources */ = {isa = PBXBuildFile; fileRef = E8C7220820B7F2950082DCDE /* AppDelegate.m */; };
		E8C7220C20B7F2950082DCDE /* ViewController.m in Sources */ = {isa = PBXBuildFile; fileRef = E8C7220B20B7F2950082DCDE /* ViewController.m */; };
		E8C7220F20B7F2950082DCDE /* Main.storyboard in Resources */ = {isa = PBXBuildFile; fileRef = E8C7220D20B7F2950082DCDE /* Main.storyboard */; };
		E8C7221120B7F2960082DCDE /* Assets.xcassets in Resources */ = {isa = PBXBuildFile; fileRef = E8C7221020B7F2960082DCDE /* Assets.xcassets */; };
		E8C7221420B7F2960082DCDE /* LaunchScreen.storyboard in Resources */ = {isa = PBXBuildFile; fileRef = E8C7221220B7F2960082DCDE /* LaunchScreen.storyboard */; };
		E8C7221720B7F2960082DCDE /* main.m in Sources */ = {isa = PBXBuildFile; fileRef = E8C7221620B7F2960082DCDE /* main.m */; };
		E8C7222120B7F2960082DCDE /* RuntimeForwardMessageDemoTests.m in Sources */ = {isa = PBXBuildFile; fileRef = E8C7222020B7F2960082DCDE /* RuntimeForwardMessageDemoTests.m */; };
		E8C7222C20B7F2960082DCDE /* RuntimeForwardMessageDemoUITests.m in Sources */ = {isa = PBXBuildFile; fileRef = E8C7222B20B7F2960082DCDE /* RuntimeForwardMessageDemoUITests.m */; };
		E8C7223B20B7F3190082DCDE /* RCPerson.m in Sources */ = {isa = PBXBuildFile; fileRef = E8C7223A20B7F3190082DCDE /* RCPerson.m */; };
/* End PBXBuildFile section */

/* Begin PBXContainerItemProxy section */
		E8C7221D20B7F2960082DCDE /* PBXContainerItemProxy */ = {
			isa = PBXContainerItemProxy;
			containerPortal = E8C721FC20B7F2940082DCDE /* Project object */;
			proxyType = 1;
			remoteGlobalIDString = E8C7220320B7F2950082DCDE;
			remoteInfo = RuntimeForwardMessageDemo;
		};
		E8C7222820B7F2960082DCDE /* PBXContainerItemProxy */ = {
			isa = PBXContainerItemProxy;
			containerPortal = E8C721FC20B7F2940082DCDE /* Project object */;
			proxyType = 1;
			remoteGlobalIDString = E8C7220320B7F2950082DCDE;
			remoteInfo = RuntimeForwardMessageDemo;
		};
/* End PBXContainerItemProxy section */

/* Begin PBXFileReference section */
		E85750F520BAD48F00BA76E0 /* RCOneStudent.h */ = {isa = PBXFileReference; lastKnownFileType = sourcecode.c.h; path = RCOneStudent.h; sourceTree = "<group>"; };
		E85750F620BAD48F00BA76E0 /* RCOneStudent.m */ = {isa = PBXFileReference; lastKnownFileType = sourcecode.c.objc; path = RCOneStudent.m; sourceTree = "<group>"; };
		E85750F820BAD4A000BA76E0 /* RCTwoStudent.h */ = {isa = PBXFileReference; lastKnownFileType = sourcecode.c.h; path = RCTwoStudent.h; sourceTree = "<group>"; };
		E85750F920BAD4A000BA76E0 /* RCTwoStudent.m */ = {isa = PBXFileReference; lastKnownFileType = sourcecode.c.objc; path = RCTwoStudent.m; sourceTree = "<group>"; };
		E8A4173020BAC3F200AF30F8 /* RCStudent.h */ = {isa = PBXFileReference; lastKnownFileType = sourcecode.c.h; path = RCStudent.h; sourceTree = "<group>"; };
		E8A4173120BAC3F200AF30F8 /* RCStudent.m */ = {isa = PBXFileReference; lastKnownFileType = sourcecode.c.objc; path = RCStudent.m; sourceTree = "<group>"; };
		E8C7220420B7F2950082DCDE /* RuntimeForwardMessageDemo.app */ = {isa = PBXFileReference; explicitFileType = wrapper.application; includeInIndex = 0; path = RuntimeForwardMessageDemo.app; sourceTree = BUILT_PRODUCTS_DIR; };
		E8C7220720B7F2950082DCDE /* AppDelegate.h */ = {isa = PBXFileReference; lastKnownFileType = sourcecode.c.h; path = AppDelegate.h; sourceTree = "<group>"; };
		E8C7220820B7F2950082DCDE /* AppDelegate.m */ = {isa = PBXFileReference; lastKnownFileType = sourcecode.c.objc; path = AppDelegate.m; sourceTree = "<group>"; };
		E8C7220A20B7F2950082DCDE /* ViewController.h */ = {isa = PBXFileReference; lastKnownFileType = sourcecode.c.h; path = ViewController.h; sourceTree = "<group>"; };
		E8C7220B20B7F2950082DCDE /* ViewController.m */ = {isa = PBXFileReference; lastKnownFileType = sourcecode.c.objc; path = ViewController.m; sourceTree = "<group>"; };
		E8C7220E20B7F2950082DCDE /* Base */ = {isa = PBXFileReference; lastKnownFileType = file.storyboard; name = Base; path = Base.lproj/Main.storyboard; sourceTree = "<group>"; };
		E8C7221020B7F2960082DCDE /* Assets.xcassets */ = {isa = PBXFileReference; lastKnownFileType = folder.assetcatalog; path = Assets.xcassets; sourceTree = "<group>"; };
		E8C7221320B7F2960082DCDE /* Base */ = {isa = PBXFileReference; lastKnownFileType = file.storyboard; name = Base; path = Base.lproj/LaunchScreen.storyboard; sourceTree = "<group>"; };
		E8C7221520B7F2960082DCDE /* Info.plist */ = {isa = PBXFileReference; lastKnownFileType = text.plist.xml; path = Info.plist; sourceTree = "<group>"; };
		E8C7221620B7F2960082DCDE /* main.m */ = {isa = PBXFileReference; lastKnownFileType = sourcecode.c.objc; path = main.m; sourceTree = "<group>"; };
		E8C7221C20B7F2960082DCDE /* RuntimeForwardMessageDemoTests.xctest */ = {isa = PBXFileReference; explicitFileType = wrapper.cfbundle; includeInIndex = 0; path = RuntimeForwardMessageDemoTests.xctest; sourceTree = BUILT_PRODUCTS_DIR; };
		E8C7222020B7F2960082DCDE /* RuntimeForwardMessageDemoTests.m */ = {isa = PBXFileReference; lastKnownFileType = sourcecode.c.objc; path = RuntimeForwardMessageDemoTests.m; sourceTree = "<group>"; };
		E8C7222220B7F2960082DCDE /* Info.plist */ = {isa = PBXFileReference; lastKnownFileType = text.plist.xml; path = Info.plist; sourceTree = "<group>"; };
		E8C7222720B7F2960082DCDE /* RuntimeForwardMessageDemoUITests.xctest */ = {isa = PBXFileReference; explicitFileType = wrapper.cfbundle; includeInIndex = 0; path = RuntimeForwardMessageDemoUITests.xctest; sourceTree = BUILT_PRODUCTS_DIR; };
		E8C7222B20B7F2960082DCDE /* RuntimeForwardMessageDemoUITests.m */ = {isa = PBXFileReference; lastKnownFileType = sourcecode.c.objc; path = RuntimeForwardMessageDemoUITests.m; sourceTree = "<group>"; };
		E8C7222D20B7F2960082DCDE /* Info.plist */ = {isa = PBXFileReference; lastKnownFileType = text.plist.xml; path = Info.plist; sourceTree = "<group>"; };
		E8C7223920B7F3190082DCDE /* RCPerson.h */ = {isa = PBXFileReference; lastKnownFileType = sourcecode.c.h; path = RCPerson.h; sourceTree = "<group>"; };
		E8C7223A20B7F3190082DCDE /* RCPerson.m */ = {isa = PBXFileReference; lastKnownFileType = sourcecode.c.objc; path = RCPerson.m; sourceTree = "<group>"; };
/* End PBXFileReference section */

/* Begin PBXFrameworksBuildPhase section */
		E8C7220120B7F2950082DCDE /* Frameworks */ = {
			isa = PBXFrameworksBuildPhase;
			buildActionMask = 2147483647;
			files = (
			);
			runOnlyForDeploymentPostprocessing = 0;
		};
		E8C7221920B7F2960082DCDE /* Frameworks */ = {
			isa = PBXFrameworksBuildPhase;
			buildActionMask = 2147483647;
			files = (
			);
			runOnlyForDeploymentPostprocessing = 0;
		};
		E8C7222420B7F2960082DCDE /* Frameworks */ = {
			isa = PBXFrameworksBuildPhase;
			buildActionMask = 2147483647;
			files = (
			);
			runOnlyForDeploymentPostprocessing = 0;
		};
/* End PBXFrameworksBuildPhase section */

/* Begin PBXGroup section */
		E8C721FB20B7F2940082DCDE = {
			isa = PBXGroup;
			children = (
				E8C7220620B7F2950082DCDE /* RuntimeForwardMessageDemo */,
				E8C7221F20B7F2960082DCDE /* RuntimeForwardMessageDemoTests */,
				E8C7222A20B7F2960082DCDE /* RuntimeForwardMessageDemoUITests */,
				E8C7220520B7F2950082DCDE /* Products */,
			);
			sourceTree = "<group>";
		};
		E8C7220520B7F2950082DCDE /* Products */ = {
			isa = PBXGroup;
			children = (
				E8C7220420B7F2950082DCDE /* RuntimeForwardMessageDemo.app */,
				E8C7221C20B7F2960082DCDE /* RuntimeForwardMessageDemoTests.xctest */,
				E8C7222720B7F2960082DCDE /* RuntimeForwardMessageDemoUITests.xctest */,
			);
			name = Products;
			sourceTree = "<group>";
		};
		E8C7220620B7F2950082DCDE /* RuntimeForwardMessageDemo */ = {
			isa = PBXGroup;
			children = (
				E8C7223920B7F3190082DCDE /* RCPerson.h */,
				E8C7223A20B7F3190082DCDE /* RCPerson.m */,
				E8A4173020BAC3F200AF30F8 /* RCStudent.h */,
				E8A4173120BAC3F200AF30F8 /* RCStudent.m */,
				E85750F520BAD48F00BA76E0 /* RCOneStudent.h */,
				E85750F620BAD48F00BA76E0 /* RCOneStudent.m */,
				E85750F820BAD4A000BA76E0 /* RCTwoStudent.h */,
				E85750F920BAD4A000BA76E0 /* RCTwoStudent.m */,
				E8C7220720B7F2950082DCDE /* AppDelegate.h */,
				E8C7220820B7F2950082DCDE /* AppDelegate.m */,
				E8C7220A20B7F2950082DCDE /* ViewController.h */,
				E8C7220B20B7F2950082DCDE /* ViewController.m */,
				E8C7220D20B7F2950082DCDE /* Main.storyboard */,
				E8C7221020B7F2960082DCDE /* Assets.xcassets */,
				E8C7221220B7F2960082DCDE /* LaunchScreen.storyboard */,
				E8C7221520B7F2960082DCDE /* Info.plist */,
				E8C7221620B7F2960082DCDE /* main.m */,
			);
			path = RuntimeForwardMessageDemo;
			sourceTree = "<group>";
		};
		E8C7221F20B7F2960082DCDE /* RuntimeForwardMessageDemoTests */ = {
			isa = PBXGroup;
			children = (
				E8C7222020B7F2960082DCDE /* RuntimeForwardMessageDemoTests.m */,
				E8C7222220B7F2960082DCDE /* Info.plist */,
			);
			path = RuntimeForwardMessageDemoTests;
			sourceTree = "<group>";
		};
		E8C7222A20B7F2960082DCDE /* RuntimeForwardMessageDemoUITests */ = {
			isa = PBXGroup;
			children = (
				E8C7222B20B7F2960082DCDE /* RuntimeForwardMessageDemoUITests.m */,
				E8C7222D20B7F2960082DCDE /* Info.plist */,
			);
			path = RuntimeForwardMessageDemoUITests;
			sourceTree = "<group>";
		};
/* End PBXGroup section */

/* Begin PBXNativeTarget section */
		E8C7220320B7F2950082DCDE /* RuntimeForwardMessageDemo */ = {
			isa = PBXNativeTarget;
			buildConfigurationList = E8C7223020B7F2960082DCDE /* Build configuration list for PBXNativeTarget "RuntimeForwardMessageDemo" */;
			buildPhases = (
				E8C7220020B7F2950082DCDE /* Sources */,
				E8C7220120B7F2950082DCDE /* Frameworks */,
				E8C7220220B7F2950082DCDE /* Resources */,
			);
			buildRules = (
			);
			dependencies = (
			);
			name = RuntimeForwardMessageDemo;
			productName = RuntimeForwardMessageDemo;
			productReference = E8C7220420B7F2950082DCDE /* RuntimeForwardMessageDemo.app */;
			productType = "com.apple.product-type.application";
		};
		E8C7221B20B7F2960082DCDE /* RuntimeForwardMessageDemoTests */ = {
			isa = PBXNativeTarget;
			buildConfigurationList = E8C7223320B7F2960082DCDE /* Build configuration list for PBXNativeTarget "RuntimeForwardMessageDemoTests" */;
			buildPhases = (
				E8C7221820B7F2960082DCDE /* Sources */,
				E8C7221920B7F2960082DCDE /* Frameworks */,
				E8C7221A20B7F2960082DCDE /* Resources */,
			);
			buildRules = (
			);
			dependencies = (
				E8C7221E20B7F2960082DCDE /* PBXTargetDependency */,
			);
			name = RuntimeForwardMessageDemoTests;
			productName = RuntimeForwardMessageDemoTests;
			productReference = E8C7221C20B7F2960082DCDE /* RuntimeForwardMessageDemoTests.xctest */;
			productType = "com.apple.product-type.bundle.unit-test";
		};
		E8C7222620B7F2960082DCDE /* RuntimeForwardMessageDemoUITests */ = {
			isa = PBXNativeTarget;
			buildConfigurationList = E8C7223620B7F2960082DCDE /* Build configuration list for PBXNativeTarget "RuntimeForwardMessageDemoUITests" */;
			buildPhases = (
				E8C7222320B7F2960082DCDE /* Sources */,
				E8C7222420B7F2960082DCDE /* Frameworks */,
				E8C7222520B7F2960082DCDE /* Resources */,
			);
			buildRules = (
			);
			dependencies = (
				E8C7222920B7F2960082DCDE /* PBXTargetDependency */,
			);
			name = RuntimeForwardMessageDemoUITests;
			productName = RuntimeForwardMessageDemoUITests;
			productReference = E8C7222720B7F2960082DCDE /* RuntimeForwardMessageDemoUITests.xctest */;
			productType = "com.apple.product-type.bundle.ui-testing";
		};
/* End PBXNativeTarget section */

/* Begin PBXProject section */
		E8C721FC20B7F2940082DCDE /* Project object */ = {
			isa = PBXProject;
			attributes = {
				LastUpgradeCheck = 0930;
				ORGANIZATIONNAME = RongCloud;
				TargetAttributes = {
					E8C7220320B7F2950082DCDE = {
						CreatedOnToolsVersion = 9.3.1;
					};
					E8C7221B20B7F2960082DCDE = {
						CreatedOnToolsVersion = 9.3.1;
						TestTargetID = E8C7220320B7F2950082DCDE;
					};
					E8C7222620B7F2960082DCDE = {
						CreatedOnToolsVersion = 9.3.1;
						TestTargetID = E8C7220320B7F2950082DCDE;
					};
				};
			};
			buildConfigurationList = E8C721FF20B7F2940082DCDE /* Build configuration list for PBXProject "RuntimeForwardMessageDemo" */;
			compatibilityVersion = "Xcode 9.3";
			developmentRegion = en;
			hasScannedForEncodings = 0;
			knownRegions = (
				en,
				Base,
			);
			mainGroup = E8C721FB20B7F2940082DCDE;
			productRefGroup = E8C7220520B7F2950082DCDE /* Products */;
			projectDirPath = "";
			projectRoot = "";
			targets = (
				E8C7220320B7F2950082DCDE /* RuntimeForwardMessageDemo */,
				E8C7221B20B7F2960082DCDE /* RuntimeForwardMessageDemoTests */,
				E8C7222620B7F2960082DCDE /* RuntimeForwardMessageDemoUITests */,
			);
		};
/* End PBXProject section */

/* Begin PBXResourcesBuildPhase section */
		E8C7220220B7F2950082DCDE /* Resources */ = {
			isa = PBXResourcesBuildPhase;
			buildActionMask = 2147483647;
			files = (
				E8C7221420B7F2960082DCDE /* LaunchScreen.storyboard in Resources */,
				E8C7221120B7F2960082DCDE /* Assets.xcassets in Resources */,
				E8C7220F20B7F2950082DCDE /* Main.storyboard in Resources */,
			);
			runOnlyForDeploymentPostprocessing = 0;
		};
		E8C7221A20B7F2960082DCDE /* Resources */ = {
			isa = PBXResourcesBuildPhase;
			buildActionMask = 2147483647;
			files = (
			);
			runOnlyForDeploymentPostprocessing = 0;
		};
		E8C7222520B7F2960082DCDE /* Resources */ = {
			isa = PBXResourcesBuildPhase;
			buildActionMask = 2147483647;
			files = (
			);
			runOnlyForDeploymentPostprocessing = 0;
		};
/* End PBXResourcesBuildPhase section */

/* Begin PBXSourcesBuildPhase section */
		E8C7220020B7F2950082DCDE /* Sources */ = {
			isa = PBXSourcesBuildPhase;
			buildActionMask = 2147483647;
			files = (
				E8C7220C20B7F2950082DCDE /* ViewController.m in Sources */,
				E8C7223B20B7F3190082DCDE /* RCPerson.m in Sources */,
				E8A4173220BAC3F200AF30F8 /* RCStudent.m in Sources */,
				E85750FA20BAD4A000BA76E0 /* RCTwoStudent.m in Sources */,
				E8C7221720B7F2960082DCDE /* main.m in Sources */,
				E8C7220920B7F2950082DCDE /* AppDelegate.m in Sources */,
				E85750F720BAD48F00BA76E0 /* RCOneStudent.m in Sources */,
			);
			runOnlyForDeploymentPostprocessing = 0;
		};
		E8C7221820B7F2960082DCDE /* Sources */ = {
			isa = PBXSourcesBuildPhase;
			buildActionMask = 2147483647;
			files = (
				E8C7222120B7F2960082DCDE /* RuntimeForwardMessageDemoTests.m in Sources */,
			);
			runOnlyForDeploymentPostprocessing = 0;
		};
		E8C7222320B7F2960082DCDE /* Sources */ = {
			isa = PBXSourcesBuildPhase;
			buildActionMask = 2147483647;
			files = (
				E8C7222C20B7F2960082DCDE /* RuntimeForwardMessageDemoUITests.m in Sources */,
			);
			runOnlyForDeploymentPostprocessing = 0;
		};
/* End PBXSourcesBuildPhase section */

/* Begin PBXTargetDependency section */
		E8C7221E20B7F2960082DCDE /* PBXTargetDependency */ = {
			isa = PBXTargetDependency;
			target = E8C7220320B7F2950082DCDE /* RuntimeForwardMessageDemo */;
			targetProxy = E8C7221D20B7F2960082DCDE /* PBXContainerItemProxy */;
		};
		E8C7222920B7F2960082DCDE /* PBXTargetDependency */ = {
			isa = PBXTargetDependency;
			target = E8C7220320B7F2950082DCDE /* RuntimeForwardMessageDemo */;
			targetProxy = E8C7222820B7F2960082DCDE /* PBXContainerItemProxy */;
		};
/* End PBXTargetDependency section */

/* Begin PBXVariantGroup section */
		E8C7220D20B7F2950082DCDE /* Main.storyboard */ = {
			isa = PBXVariantGroup;
			children = (
				E8C7220E20B7F2950082DCDE /* Base */,
			);
			name = Main.storyboard;
			sourceTree = "<group>";
		};
		E8C7221220B7F2960082DCDE /* LaunchScreen.storyboard */ = {
			isa = PBXVariantGroup;
			children = (
				E8C7221320B7F2960082DCDE /* Base */,
			);
			name = LaunchScreen.storyboard;
			sourceTree = "<group>";
		};
/* End PBXVariantGroup section */

/* Begin XCBuildConfiguration section */
		E8C7222E20B7F2960082DCDE /* Debug */ = {
			isa = XCBuildConfiguration;
			buildSettings = {
				ALWAYS_SEARCH_USER_PATHS = NO;
				CLANG_ANALYZER_NONNULL = YES;
				CLANG_ANALYZER_NUMBER_OBJECT_CONVERSION = YES_AGGRESSIVE;
				CLANG_CXX_LANGUAGE_STANDARD = "gnu++14";
				CLANG_CXX_LIBRARY = "libc++";
				CLANG_ENABLE_MODULES = YES;
				CLANG_ENABLE_OBJC_ARC = YES;
				CLANG_ENABLE_OBJC_WEAK = YES;
				CLANG_WARN_BLOCK_CAPTURE_AUTORELEASING = YES;
				CLANG_WARN_BOOL_CONVERSION = YES;
				CLANG_WARN_COMMA = YES;
				CLANG_WARN_CONSTANT_CONVERSION = YES;
				CLANG_WARN_DEPRECATED_OBJC_IMPLEMENTATIONS = YES;
				CLANG_WARN_DIRECT_OBJC_ISA_USAGE = YES_ERROR;
				CLANG_WARN_DOCUMENTATION_COMMENTS = YES;
				CLANG_WARN_EMPTY_BODY = YES;
				CLANG_WARN_ENUM_CONVERSION = YES;
				CLANG_WARN_INFINITE_RECURSION = YES;
				CLANG_WARN_INT_CONVERSION = YES;
				CLANG_WARN_NON_LITERAL_NULL_CONVERSION = YES;
				CLANG_WARN_OBJC_IMPLICIT_RETAIN_SELF = YES;
				CLANG_WARN_OBJC_LITERAL_CONVERSION = YES;
				CLANG_WARN_OBJC_ROOT_CLASS = YES_ERROR;
				CLANG_WARN_RANGE_LOOP_ANALYSIS = YES;
				CLANG_WARN_STRICT_PROTOTYPES = YES;
				CLANG_WARN_SUSPICIOUS_MOVE = YES;
				CLANG_WARN_UNGUARDED_AVAILABILITY = YES_AGGRESSIVE;
				CLANG_WARN_UNREACHABLE_CODE = YES;
				CLANG_WARN__DUPLICATE_METHOD_MATCH = YES;
				CODE_SIGN_IDENTITY = "iPhone Developer";
				COPY_PHASE_STRIP = NO;
				DEBUG_INFORMATION_FORMAT = dwarf;
				ENABLE_STRICT_OBJC_MSGSEND = YES;
				ENABLE_TESTABILITY = YES;
				GCC_C_LANGUAGE_STANDARD = gnu11;
				GCC_DYNAMIC_NO_PIC = NO;
				GCC_NO_COMMON_BLOCKS = YES;
				GCC_OPTIMIZATION_LEVEL = 0;
				GCC_PREPROCESSOR_DEFINITIONS = (
					"DEBUG=1",
					"$(inherited)",
				);
				GCC_WARN_64_TO_32_BIT_CONVERSION = YES;
				GCC_WARN_ABOUT_RETURN_TYPE = YES_ERROR;
				GCC_WARN_UNDECLARED_SELECTOR = YES;
				GCC_WARN_UNINITIALIZED_AUTOS = YES_AGGRESSIVE;
				GCC_WARN_UNUSED_FUNCTION = YES;
				GCC_WARN_UNUSED_VARIABLE = YES;
				IPHONEOS_DEPLOYMENT_TARGET = 11.3;
				MTL_ENABLE_DEBUG_INFO = YES;
				ONLY_ACTIVE_ARCH = YES;
				SDKROOT = iphoneos;
			};
			name = Debug;
		};
		E8C7222F20B7F2960082DCDE /* Release */ = {
			isa = XCBuildConfiguration;
			buildSettings = {
				ALWAYS_SEARCH_USER_PATHS = NO;
				CLANG_ANALYZER_NONNULL = YES;
				CLANG_ANALYZER_NUMBER_OBJECT_CONVERSION = YES_AGGRESSIVE;
				CLANG_CXX_LANGUAGE_STANDARD = "gnu++14";
				CLANG_CXX_LIBRARY = "libc++";
				CLANG_ENABLE_MODULES = YES;
				CLANG_ENABLE_OBJC_ARC = YES;
				CLANG_ENABLE_OBJC_WEAK = YES;
				CLANG_WARN_BLOCK_CAPTURE_AUTORELEASING = YES;
				CLANG_WARN_BOOL_CONVERSION = YES;
				CLANG_WARN_COMMA = YES;
				CLANG_WARN_CONSTANT_CONVERSION = YES;
				CLANG_WARN_DEPRECATED_OBJC_IMPLEMENTATIONS = YES;
				CLANG_WARN_DIRECT_OBJC_ISA_USAGE = YES_ERROR;
				CLANG_WARN_DOCUMENTATION_COMMENTS = YES;
				CLANG_WARN_EMPTY_BODY = YES;
				CLANG_WARN_ENUM_CONVERSION = YES;
				CLANG_WARN_INFINITE_RECURSION = YES;
				CLANG_WARN_INT_CONVERSION = YES;
				CLANG_WARN_NON_LITERAL_NULL_CONVERSION = YES;
				CLANG_WARN_OBJC_IMPLICIT_RETAIN_SELF = YES;
				CLANG_WARN_OBJC_LITERAL_CONVERSION = YES;
				CLANG_WARN_OBJC_ROOT_CLASS = YES_ERROR;
				CLANG_WARN_RANGE_LOOP_ANALYSIS = YES;
				CLANG_WARN_STRICT_PROTOTYPES = YES;
				CLANG_WARN_SUSPICIOUS_MOVE = YES;
				CLANG_WARN_UNGUARDED_AVAILABILITY = YES_AGGRESSIVE;
				CLANG_WARN_UNREACHABLE_CODE = YES;
				CLANG_WARN__DUPLICATE_METHOD_MATCH = YES;
				CODE_SIGN_IDENTITY = "iPhone Developer";
				COPY_PHASE_STRIP = NO;
				DEBUG_INFORMATION_FORMAT = "dwarf-with-dsym";
				ENABLE_NS_ASSERTIONS = NO;
				ENABLE_STRICT_OBJC_MSGSEND = YES;
				GCC_C_LANGUAGE_STANDARD = gnu11;
				GCC_NO_COMMON_BLOCKS = YES;
				GCC_WARN_64_TO_32_BIT_CONVERSION = YES;
				GCC_WARN_ABOUT_RETURN_TYPE = YES_ERROR;
				GCC_WARN_UNDECLARED_SELECTOR = YES;
				GCC_WARN_UNINITIALIZED_AUTOS = YES_AGGRESSIVE;
				GCC_WARN_UNUSED_FUNCTION = YES;
				GCC_WARN_UNUSED_VARIABLE = YES;
				IPHONEOS_DEPLOYMENT_TARGET = 11.3;
				MTL_ENABLE_DEBUG_INFO = NO;
				SDKROOT = iphoneos;
				VALIDATE_PRODUCT = YES;
			};
			name = Release;
		};
		E8C7223120B7F2960082DCDE /* Debug */ = {
			isa = XCBuildConfiguration;
			buildSettings = {
				ASSETCATALOG_COMPILER_APPICON_NAME = AppIcon;
				CODE_SIGN_STYLE = Automatic;
				DEVELOPMENT_TEAM = 9CVMN4UZK4;
				INFOPLIST_FILE = RuntimeForwardMessageDemo/Info.plist;
				LD_RUNPATH_SEARCH_PATHS = (
					"$(inherited)",
					"@executable_path/Frameworks",
				);
				PRODUCT_BUNDLE_IDENTIFIER = RongCloud.RuntimeForwardMessageDemo;
				PRODUCT_NAME = "$(TARGET_NAME)";
				TARGETED_DEVICE_FAMILY = "1,2";
			};
			name = Debug;
		};
		E8C7223220B7F2960082DCDE /* Release */ = {
			isa = XCBuildConfiguration;
			buildSettings = {
				ASSETCATALOG_COMPILER_APPICON_NAME = AppIcon;
				CODE_SIGN_STYLE = Automatic;
				DEVELOPMENT_TEAM = 9CVMN4UZK4;
				INFOPLIST_FILE = RuntimeForwardMessageDemo/Info.plist;
				LD_RUNPATH_SEARCH_PATHS = (
					"$(inherited)",
					"@executable_path/Frameworks",
				);
				PRODUCT_BUNDLE_IDENTIFIER = RongCloud.RuntimeForwardMessageDemo;
				PRODUCT_NAME = "$(TARGET_NAME)";
				TARGETED_DEVICE_FAMILY = "1,2";
			};
			name = Release;
		};
		E8C7223420B7F2960082DCDE /* Debug */ = {
			isa = XCBuildConfiguration;
			buildSettings = {
				BUNDLE_LOADER = "$(TEST_HOST)";
				CODE_SIGN_STYLE = Automatic;
				INFOPLIST_FILE = RuntimeForwardMessageDemoTests/Info.plist;
				LD_RUNPATH_SEARCH_PATHS = (
					"$(inherited)",
					"@executable_path/Frameworks",
					"@loader_path/Frameworks",
				);
				PRODUCT_BUNDLE_IDENTIFIER = RongCloud.RuntimeForwardMessageDemoTests;
				PRODUCT_NAME = "$(TARGET_NAME)";
				TARGETED_DEVICE_FAMILY = "1,2";
				TEST_HOST = "$(BUILT_PRODUCTS_DIR)/RuntimeForwardMessageDemo.app/RuntimeForwardMessageDemo";
			};
			name = Debug;
		};
		E8C7223520B7F2960082DCDE /* Release */ = {
			isa = XCBuildConfiguration;
			buildSettings = {
				BUNDLE_LOADER = "$(TEST_HOST)";
				CODE_SIGN_STYLE = Automatic;
				INFOPLIST_FILE = RuntimeForwardMessageDemoTests/Info.plist;
				LD_RUNPATH_SEARCH_PATHS = (
					"$(inherited)",
					"@executable_path/Frameworks",
					"@loader_path/Frameworks",
				);
				PRODUCT_BUNDLE_IDENTIFIER = RongCloud.RuntimeForwardMessageDemoTests;
				PRODUCT_NAME = "$(TARGET_NAME)";
				TARGETED_DEVICE_FAMILY = "1,2";
				TEST_HOST = "$(BUILT_PRODUCTS_DIR)/RuntimeForwardMessageDemo.app/RuntimeForwardMessageDemo";
			};
			name = Release;
		};
		E8C7223720B7F2960082DCDE /* Debug */ = {
			isa = XCBuildConfiguration;
			buildSettings = {
				CODE_SIGN_STYLE = Automatic;
				INFOPLIST_FILE = RuntimeForwardMessageDemoUITests/Info.plist;
				LD_RUNPATH_SEARCH_PATHS = (
					"$(inherited)",
					"@executable_path/Frameworks",
					"@loader_path/Frameworks",
				);
				PRODUCT_BUNDLE_IDENTIFIER = RongCloud.RuntimeForwardMessageDemoUITests;
				PRODUCT_NAME = "$(TARGET_NAME)";
				TARGETED_DEVICE_FAMILY = "1,2";
				TEST_TARGET_NAME = RuntimeForwardMessageDemo;
			};
			name = Debug;
		};
		E8C7223820B7F2960082DCDE /* Release */ = {
			isa = XCBuildConfiguration;
			buildSettings = {
				CODE_SIGN_STYLE = Automatic;
				INFOPLIST_FILE = RuntimeForwardMessageDemoUITests/Info.plist;
				LD_RUNPATH_SEARCH_PATHS = (
					"$(inherited)",
					"@executable_path/Frameworks",
					"@loader_path/Frameworks",
				);
				PRODUCT_BUNDLE_IDENTIFIER = RongCloud.RuntimeForwardMessageDemoUITests;
				PRODUCT_NAME = "$(TARGET_NAME)";
				TARGETED_DEVICE_FAMILY = "1,2";
				TEST_TARGET_NAME = RuntimeForwardMessageDemo;
			};
			name = Release;
		};
/* End XCBuildConfiguration section */

/* Begin XCConfigurationList section */
		E8C721FF20B7F2940082DCDE /* Build configuration list for PBXProject "RuntimeForwardMessageDemo" */ = {
			isa = XCConfigurationList;
			buildConfigurations = (
				E8C7222E20B7F2960082DCDE /* Debug */,
				E8C7222F20B7F2960082DCDE /* Release */,
			);
			defaultConfigurationIsVisible = 0;
			defaultConfigurationName = Release;
		};
		E8C7223020B7F2960082DCDE /* Build configuration list for PBXNativeTarget "RuntimeForwardMessageDemo" */ = {
			isa = XCConfigurationList;
			buildConfigurations = (
				E8C7223120B7F2960082DCDE /* Debug */,
				E8C7223220B7F2960082DCDE /* Release */,
			);
			defaultConfigurationIsVisible = 0;
			defaultConfigurationName = Release;
		};
		E8C7223320B7F2960082DCDE /* Build configuration list for PBXNativeTarget "RuntimeForwardMessageDemoTests" */ = {
			isa = XCConfigurationList;
			buildConfigurations = (
				E8C7223420B7F2960082DCDE /* Debug */,
				E8C7223520B7F2960082DCDE /* Release */,
			);
			defaultConfigurationIsVisible = 0;
			defaultConfigurationName = Release;
		};
		E8C7223620B7F2960082DCDE /* Build configuration list for PBXNativeTarget "RuntimeForwardMessageDemoUITests" */ = {
			isa = XCConfigurationList;
			buildConfigurations = (
				E8C7223720B7F2960082DCDE /* Debug */,
				E8C7223820B7F2960082DCDE /* Release */,
			);
			defaultConfigurationIsVisible = 0;
			defaultConfigurationName = Release;
		};
/* End XCConfigurationList section */
	};
	rootObject = E8C721FC20B7F2940082DCDE /* Project object */;
}
